<Solution>
  <Folder Name="/Solution Items/">
    <File Path=".editorconfig" />
    <File Path=".gitignore" />
    <File Path="Directory.Build.props" />
    <File Path="Directory.Packages.props" />
    <File Path="LICENSE" />
    <File Path="README.md" />
  </Folder>
  <Folder Name="/Scripts/">
    <File Path="Scripts/BuildTestPackRunDemo.cs" />
    <File Path="Scripts/UpdateDemoToLatestAnalyzer.cs" />
  </Folder>
  <Folder Name="/Source/">
    <Project Path="Source/DependencyGuard.Core/DependencyGuard.Core.csproj" />
    <Project Path="Source/DependencyGuard.Analyzer/DependencyGuard.Analyzer.csproj" />
    <Project Path="Source/DependencyGuard.Cli/DependencyGuard.Cli.csproj" />
  </Folder>
  <Folder Name="/Tests/">
    <File Path="Tests/Directory.Build.props" />
    <Project Path="Tests/DependencyGuard.Tests.Analyzer/DependencyGuard.Tests.Analyzer.csproj" />
    <Project Path="Tests/DependencyGuard.Tests.Core/DependencyGuard.Tests.Core.csproj" />
    <Project Path="Tests/DependencyGuard.Tests.Integration/DependencyGuard.Tests.Integration.csproj" />
  </Folder>
</Solution>
